{
  "name": "Vulcan",
  "version": "1.0.0",
  "lockfileVersion": 1,
  "requires": true,
  "dependencies": {
    "@snyk/dep-graph": {
      "version": "1.8.1",
      "resolved": "https://registry.npmjs.org/@snyk/dep-graph/-/dep-graph-1.8.1.tgz",
      "integrity": "sha512-cWqJwuiU1+9hL0Fd/qgq0DYeWM/6mqPIa/B0yoEsHD8nR/IPFgalVvMbOSdPKeApvi/AxDzcRxr8tfqHJ7aq2w==",
      "dev": true,
      "dependencies": {
        "semver": {
          "version": "6.2.0",
          "resolved": "https://registry.npmjs.org/semver/-/semver-6.2.0.tgz",
          "integrity": "sha512-jdFC1VdUGT/2Scgbimf7FSx9iJLXoqfglSF+gJeuNWVpiE37OIbc1jywR/GJyFdz3mnkz2/id0L0J/cr0izR5A=="
        }
      }
    },
    "@snyk/gemfile": {
      "version": "1.2.0",
      "resolved": "https://registry.npmjs.org/@snyk/gemfile/-/gemfile-1.2.0.tgz",
      "integrity": "sha512-nI7ELxukf7pT4/VraL4iabtNNMz8mUo7EXlqCFld8O5z6mIMLX9llps24iPpaIZOwArkY3FWA+4t+ixyvtTSIA==",
      "dev": true
    },
    "@types/agent-base": {
      "version": "4.2.0",
      "resolved": "https://registry.npmjs.org/@types/agent-base/-/agent-base-4.2.0.tgz",
      "integrity": "sha512-8mrhPstU+ZX0Ugya8tl5DsDZ1I5ZwQzbL/8PA0z8Gj0k9nql7nkaMzmPVLj+l/nixWaliXi+EBiLA8bptw3z7Q==",
      "dev": true
    },
    "abbrev": {
      "version": "1.1.1",
      "resolved": "https://registry.npmjs.org/abbrev/-/abbrev-1.1.1.tgz",
      "integrity": "sha512-nne9/IiQ/hzIhY6pdDnbBtz7DjPTKrY00P/zvPSm5pOFkl6xuGrGnXn/VtTNNfNtAfZ9/1RtehkszU9qcTii0Q==",
      "dev": true
    },
    "archiver": {
      "version": "3.0.0",
      "resolved": "https://registry.npmjs.org/archiver/-/archiver-3.0.0.tgz",
      "integrity": "sha512-5QeR6Xc5hSA9X1rbQfcuQ6VZuUXOaEdB65Dhmk9duuRJHYif/ZyJfuyJqsQrj34PFjU5emv5/MmfgA8un06onw=="
    },
    "chalk": {
      "version": "2.4.2",
      "resolved": "https://registry.npmjs.org/chalk/-/chalk-2.4.2.tgz",
      "integrity": "sha512-Mti+f9lpJNcwF4tWV8/OrTTtF1gZi+f8FqlyAdouralcFWFQWF2+NgCHShjkCb+IFBLq9buZwE1xckQU4peSuQ=="
    },
    "cheerio": {
      "version": "1.0.0-rc.3",
      "resolved": "https://registry.npmjs.org/cheerio/-/cheerio-1.0.0-rc.3.tgz",
      "integrity": "sha512-0td5ijfUPuubwLUu0OBoe98gZj8C/AA+RW3v67GPlGOrvxWjZmBXiBCRU+I8VEiNyJzjth40POfHiz2RB3gImA=="
    },
    "configstore": {
      "version": "3.1.2",
      "resolved": "https://registry.npmjs.org/configstore/-/configstore-3.1.2.tgz",
      "integrity": "sha512-vtv5HtGjcYUgFrXc6Kx747B83MRRVS5R1VTEQoXvuP+kMI+if6uywV0nDGoiydJRy4yk7h9od5Og0kxx4zUXmw==",
      "dev": true
    },
    "debug": {
      "version": "3.1.0",
      "resolved": "https://registry.npmjs.org/debug/-/debug-3.1.0.tgz",
      "integrity": "sha512-OX8XqP7/1a9cqkxYw2yXss15f26NKWBpDXQd0/uK/KPqdQhxbPa994hnzjcE2VqQpDslf55723cKPUOGSmMY3g==",
      "dev": true,
      "dependencies": {
        "ms": {
          "version": "2.0.0",
          "resolved": "https://registry.npmjs.org/ms/-/ms-2.0.0.tgz",
          "integrity": "sha1-VgiurfwAvmwpAd9fmGF4jeDVl8g="
        }
      }
    },
    "diff": {
      "version": "4.0.1",
      "resolved": "https://registry.npmjs.org/diff/-/diff-4.0.1.tgz",
      "integrity": "sha512-s2+XdvhPCOF01LRQBC8hf4vhbVmI2CGS5aZnxLJlT5FtdhPCDFq80q++zK2KlrVorVDdL5BOGZ/VfLrVtYNF+Q==",
      "dev": true
    },
    "discord.js": {
      "version": "github:discordjs/discord.js#00c4098bb315a92322d708fe4cf71d070508ab69",
      "from": "github:discordjs/discord.js",
      "requires": {
        "form-data": "^2.3.3",
        "node-fetch": "^2.3.0",
        "pako": "^1.0.8",
        "prism-media": "^1.0.0",
        "setimmediate": "^1.0.5",
        "tweetnacl": "^1.0.1",
        "ws": "^6.1.3"
      }
    },
    "eslint": {
      "version": "6.0.1",
      "resolved": "https://registry.npmjs.org/eslint/-/eslint-6.0.1.tgz",
      "integrity": "sha512-DyQRaMmORQ+JsWShYsSg4OPTjY56u1nCjAmICrE8vLWqyLKxhFXOthwMj1SA8xwfrv0CofLNVnqbfyhwCkaO0w==",
      "dev": true,
      "dependencies": {
        "cross-spawn": {
          "version": "6.0.5",
          "resolved": "https://registry.npmjs.org/cross-spawn/-/cross-spawn-6.0.5.tgz",
          "integrity": "sha512-eTVLrBSt7fjbDygz805pMnstIs2VTBNkRm0qxZd+M7A5XDdxVRWO5MxGBXZhjY4cqLYLdtrGqRf8mBPmzwSpWQ=="
        },
        "debug": {
          "version": "4.1.1",
          "resolved": "https://registry.npmjs.org/debug/-/debug-4.1.1.tgz",
          "integrity": "sha512-pYAIzeRo8J6KPEaJ0VWOh5Pzkbw/RetuzehGM7QRRX5he4fPHx2rdKMB256ehJCkX+XRQm16eZLqLNS8RSZXZw=="
        }
      }
    },
    "eslint-config-mudamuda": {
      "version": "1.0.10",
      "resolved": "https://registry.npmjs.org/eslint-config-mudamuda/-/eslint-config-mudamuda-1.0.10.tgz",
      "integrity": "sha512-fjHhZVVXhYK27wm8mFQLBfGP+k5wpvnPhjNEfLXFDlHed/RUAvsTXySpKqh/Fe8Ew1UZl3FoIHD/vU3W9mrnAg==",
      "dev": true
    },
    "eslint-plugin-security": {
      "version": "1.4.0",
      "resolved": "https://registry.npmjs.org/eslint-plugin-security/-/eslint-plugin-security-1.4.0.tgz",
      "integrity": "sha512-xlS7P2PLMXeqfhyf3NpqbvbnW04kN8M9NtmhpR3XGyOvt/vNKS7XPXT5EDbwKW9vCjWH4PpfQvgD/+JgN0VJKA==",
      "dev": true
    },
    "ffmpeg-static": {
      "version": "2.5.0",
      "resolved": "https://registry.npmjs.org/ffmpeg-static/-/ffmpeg-static-2.5.0.tgz",
      "integrity": "sha512-4HI5aUFq9As3vNOm/0p4Pj47D8AxUqg0qnzaOuXwFMQ6uYhaLXGneUX/8b3C6gbU4ljASI+Ne7WKHpYFnLtK3A=="
    },
    "form-data": {
      "version": "2.5.0",
      "resolved": "https://registry.npmjs.org/form-data/-/form-data-2.5.0.tgz",
      "integrity": "sha512-WXieX3G/8side6VIqx44ablyULoGruSde5PNTxoUyo5CeyAMX6nVWUd0rgist/EuX655cjhUhTo1Fo3tRYqbcA=="
    },
    "git-url-parse": {
      "version": "11.1.2",
      "resolved": "https://registry.npmjs.org/git-url-parse/-/git-url-parse-11.1.2.tgz",
      "integrity": "sha512-gZeLVGY8QVKMIkckncX+iCq2/L8PlwncvDFKiWkBn9EtCfYDbliRTTp6qzyQ1VMdITUfq7293zDzfpjdiGASSQ==",
      "dev": true
    },
    "github-api": {
      "version": "3.2.2",
      "resolved": "https://registry.npmjs.org/github-api/-/github-api-3.2.2.tgz",
      "integrity": "sha512-ysvdizimopV3OPiK3hQU4BwpnFcRxtRikkvGP6tSw/KkZZ5rzl82hm9QphWfaaDJRdEcqMb87533E2eSv1g54w==",
      "dependencies": {
        "debug": {
          "version": "2.6.9",
          "resolved": "https://registry.npmjs.org/debug/-/debug-2.6.9.tgz",
          "integrity": "sha512-bC7ElrdJaJnPbAP+1EotYvqZsb3ecl5wi6Bfi6BJTUcNowp6cvspg0jXznRTKDjm/E7AdgFBVeAPVMNcKGsHMA=="
        },
        "ms": {
          "version": "2.0.0",
          "resolved": "https://registry.npmjs.org/ms/-/ms-2.0.0.tgz",
          "integrity": "sha1-VgiurfwAvmwpAd9fmGF4jeDVl8g="
        }
      }
    },
    "glob": {
      "version": "7.1.4",
      "resolved": "https://registry.npmjs.org/glob/-/glob-7.1.4.tgz",
      "integrity": "sha512-hkLPepehmnKk41pUGm3sYxoFs/umurYfYJCerbXEyFIWcAzvpipAgVkBqqT9RBKMGjnq6kMuyYwha6csxbiM1A==",
      "dev": true
    },
    "got": {
      "version": "9.6.0",
      "resolved": "https://registry.npmjs.org/got/-/got-9.6.0.tgz",
      "integrity": "sha512-R7eWptXuGYxwijs0eV+v3o6+XH1IqVK8dJOEecQfTmkncw9AV4dcw/Dhxi8MdlqPthxxpZyizMzyg8RTmEsG+Q==",
      "dependencies": {
        "get-stream": {
          "version": "4.1.0",
          "resolved": "https://registry.npmjs.org/get-stream/-/get-stream-4.1.0.tgz",
          "integrity": "sha512-GMat4EJ5161kIy2HevLlr4luNjBgvmj413KaQA7jt4V8B4RDsfpHk7WQ9GVqfYyyx8OS/L66Kox+rJRNklLK7w=="
        }
      }
    },
    "inquirer": {
      "version": "6.4.1",
      "resolved": "https://registry.npmjs.org/inquirer/-/inquirer-6.4.1.tgz",
      "integrity": "sha512-/Jw+qPZx4EDYsaT6uz7F4GJRNFMRdKNeUZw3ZnKV8lyuUgz/YWRCSUAJMZSVhSq4Ec0R2oYnyi6b3d4JXcL5Nw==",
      "dev": true,
      "dependencies": {
        "ansi-regex": {
          "version": "4.1.0",
          "resolved": "https://registry.npmjs.org/ansi-regex/-/ansi-regex-4.1.0.tgz",
          "integrity": "sha512-1apePfXM1UOSqw0o9IiFAovVz9M5S1Dg+4TrDwfMewQ6p/rmMueb7tWZjQ1rx4Loy1ArBggoqGpfqqdI4rondg=="
        },
        "strip-ansi": {
          "version": "5.2.0",
          "resolved": "https://registry.npmjs.org/strip-ansi/-/strip-ansi-5.2.0.tgz",
          "integrity": "sha512-DuRs1gKbBqsMKIZlrffwlug8MHkcnpjs5VPmL1PAh+mA30U0DTotfDZ0d2UUsXpPmPmMMJ6W773MaA3J+lbiWA=="
        }
      }
    },
    "js-yaml": {
      "version": "3.13.1",
      "resolved": "https://registry.npmjs.org/js-yaml/-/js-yaml-3.13.1.tgz",
      "integrity": "sha512-YfbcO7jXDdyj0DGxYVSlSeQNHbD7XPWvrVWeVUujrQEoZzWJIRrCPoyk6kL6IAjAG2IolMK4T0hNUe0HOUs5Jw=="
    },
    "mongoose": {
      "version": "5.6.4",
      "resolved": "https://registry.npmjs.org/mongoose/-/mongoose-5.6.4.tgz",
      "integrity": "sha512-mwMpa82uGvxSmkwTbxCmXb8/Nn9+2e+X61DiGFV9ZeenTsJKcdjc0QMGwDyDEkLcnYwQ5VrQbiB9548RZbFgVw=="
    },
    "needle": {
      "version": "2.4.0",
      "resolved": "https://registry.npmjs.org/needle/-/needle-2.4.0.tgz",
      "integrity": "sha512-4Hnwzr3mi5L97hMYeNl8wRW/Onhy4nUKR/lVemJ8gJedxxUyBLm9kkrDColJvoSfwi0jCNhD+xCdOtiGDQiRZg==",
      "dev": true,
      "dependencies": {
        "debug": {
          "version": "3.2.6",
          "resolved": "https://registry.npmjs.org/debug/-/debug-3.2.6.tgz",
          "integrity": "sha512-mel+jf7nrtEl5Pn1Qx46zARXKDpBbvzezse7p7LqINmdoIk8PYP5SySaxEmYv6TZ0JyEKA1hsCId6DIhgITtWQ=="
        }
      }
    },
    "node-fetch": {
      "version": "2.6.0",
      "resolved": "https://registry.npmjs.org/node-fetch/-/node-fetch-2.6.0.tgz",
      "integrity": "sha512-8dG4H5ujfvFiqDmVu9fQ5bOHUC15JMjMY/Zumv26oOvvVJjM67KF8koCWIabKQ1GJIa9r2mMZscBq/TbdOcmNA=="
    },
    "node-opus": {
      "version": "0.3.2",
      "resolved": "https://registry.npmjs.org/node-opus/-/node-opus-0.3.2.tgz",
      "integrity": "sha512-o7hKgNncfbgF1j25lCK7cPqs9DEMroP3LWW0BMb/Ismc33cXo7LcaLqS0+/VV+NOotIy43fb7juLg6akflzBEw=="
    },
    "nodemon": {
      "version": "1.19.1",
      "resolved": "https://registry.npmjs.org/nodemon/-/nodemon-1.19.1.tgz",
      "integrity": "sha512-/DXLzd/GhiaDXXbGId5BzxP1GlsqtMGM9zTmkWrgXtSqjKmGSbLicM/oAy4FR0YWm14jCHRwnR31AHS2dYFHrg==",
      "dev": true
    },
    "opn": {
      "version": "5.5.0",
      "resolved": "https://registry.npmjs.org/opn/-/opn-5.5.0.tgz",
      "integrity": "sha512-PqHpggC9bLV0VeWcdKhkpxY+3JTzetLSqTCWL/z/tFIbI6G8JCjondXklT1JinczLz2Xib62sSp0T/gKT4KksA==",
      "dev": true
    },
    "os-name": {
      "version": "3.1.0",
      "resolved": "https://registry.npmjs.org/os-name/-/os-name-3.1.0.tgz",
      "integrity": "sha512-h8L+8aNjNcMpo/mAIBPn5PXCM16iyPGjHNWo6U1YO8sJTMHtEtyczI6QJnLoplswm6goopQkqc7OAnjhWcugVg==",
      "dev": true
    },
    "pako": {
      "version": "1.0.10",
      "resolved": "https://registry.npmjs.org/pako/-/pako-1.0.10.tgz",
      "integrity": "sha512-0DTvPVU3ed8+HNXOu5Bs+o//Mbdj9VNQMUOe9oKCwh8l0GNwpTDMKCWbRjgtD291AWnkAgkqA/LOnQS8AmS1tw=="
    },
    "prism-media": {
      "version": "1.0.2",
      "resolved": "https://registry.npmjs.org/prism-media/-/prism-media-1.0.2.tgz",
      "integrity": "sha512-KCu3SlT1EtS0lvF74NGLSTzr5jrkRajE9n+S2jnUvvdiN5SpjsGj0/HgR1QK9+985Yv8cxjwZnpFRaj+SimDGA=="
    },
    "proxy-agent": {
      "version": "3.1.0",
      "resolved": "https://registry.npmjs.org/proxy-agent/-/proxy-agent-3.1.0.tgz",
      "integrity": "sha512-IkbZL4ClW3wwBL/ABFD2zJ8iP84CY0uKMvBPk/OceQe/cEjrxzN1pMHsLwhbzUoRhG9QbSxYC+Z7LBkTiBNvrA==",
      "dev": true
    },
    "proxy-from-env": {
      "version": "1.0.0",
      "resolved": "https://registry.npmjs.org/proxy-from-env/-/proxy-from-env-1.0.0.tgz",
      "integrity": "sha1-M8UDmPcOp+uW0h97gXYwpVeRx+4=",
      "dev": true
    },
    "request": {
      "version": "2.88.0",
      "resolved": "https://registry.npmjs.org/request/-/request-2.88.0.tgz",
      "integrity": "sha512-NAqBSrijGLZdM0WZNsInLJpkJokL72XYjUpnB0iwsRgxh7dB6COrHnTBNwN0E+lHDAJzu7kLAkDeY08z2/A0hg==",
      "dependencies": {
        "form-data": {
          "version": "2.3.3",
          "resolved": "https://registry.npmjs.org/form-data/-/form-data-2.3.3.tgz",
          "integrity": "sha512-1lLKB2Mu3aGP1Q/2eCOx0fNbRMe7XdwktwOruhfqqd0rIJWwN4Dh+E3hrPSlDCXnSR7UtZ1N38rVXm+6+MEhJQ=="
        },
        "punycode": {
          "version": "1.4.1",
          "resolved": "https://registry.npmjs.org/punycode/-/punycode-1.4.1.tgz",
          "integrity": "sha1-wNWmOycYgArY4esPpSachN1BhF4="
        },
        "tough-cookie": {
          "version": "2.4.3",
          "resolved": "https://registry.npmjs.org/tough-cookie/-/tough-cookie-2.4.3.tgz",
          "integrity": "sha512-Q5srk/4vDM54WJsJio3XNn6K2sCG+CQ8G5Wz6bZhRZoAe/+TxjWB/GlFAnYEbkYVlON9FMk/fE3h2RLpPXo4lQ=="
        }
      }
    },
    "request-promise": {
      "version": "4.2.4",
      "resolved": "https://registry.npmjs.org/request-promise/-/request-promise-4.2.4.tgz",
      "integrity": "sha512-8wgMrvE546PzbR5WbYxUQogUnUDfM0S7QIFZMID+J73vdFARkFy+HElj4T+MWYhpXwlLp0EQ8Zoj8xUA0he4Vg=="
    },
    "setimmediate": {
      "version": "1.0.5",
      "resolved": "https://registry.npmjs.org/setimmediate/-/setimmediate-1.0.5.tgz",
      "integrity": "sha1-KQy7Iy4waULX1+qbg3Mqt4VvgoU="
    },
    "snyk": {
      "version": "1.193.2",
      "resolved": "https://registry.npmjs.org/snyk/-/snyk-1.193.2.tgz",
      "integrity": "sha512-v65VDFgBqUow+z+wcV01d0lijVesd0CfOywlNhDuWW3qbPVwd4lb6bNt5M9bSrgk7/76fbA33udanRnxXsOjSA==",
      "dev": true,
      "requires": {
        "@snyk/dep-graph": "1.8.1",
        "@snyk/gemfile": "1.2.0",
        "@types/agent-base": "^4.2.0",
        "abbrev": "^1.1.1",
        "ansi-escapes": "^4.1.0",
        "chalk": "^2.4.2",
        "configstore": "^3.1.2",
        "debug": "^3.1.0",
        "diff": "^4.0.1",
        "git-url-parse": "11.1.2",
        "glob": "^7.1.3",
        "inquirer": "^6.2.2",
        "lodash": "^4.17.14",
        "needle": "^2.2.4",
        "opn": "^5.5.0",
        "os-name": "^3.0.0",
        "proxy-agent": "^3.1.0",
        "proxy-from-env": "^1.0.0",
        "semver": "^6.0.0",
        "snyk-config": "^2.2.1",
        "snyk-docker-plugin": "1.25.1",
        "snyk-go-plugin": "1.10.2",
        "snyk-gradle-plugin": "2.12.5",
        "snyk-module": "1.9.1",
        "snyk-mvn-plugin": "2.3.1",
        "snyk-nodejs-lockfile-parser": "1.13.0",
        "snyk-nuget-plugin": "1.10.0",
        "snyk-php-plugin": "1.6.3",
        "snyk-policy": "1.13.5",
        "snyk-python-plugin": "1.10.2",
        "snyk-resolve": "1.0.1",
        "snyk-resolve-deps": "4.0.3",
        "snyk-sbt-plugin": "2.5.6",
        "snyk-tree": "^1.0.0",
        "snyk-try-require": "1.3.1",
        "source-map-support": "^0.5.11",
        "strip-ansi": "^5.2.0",
        "tempfile": "^2.0.0",
        "then-fs": "^2.0.0",
        "update-notifier": "^2.5.0",
        "uuid": "^3.3.2"
      },
      "dependencies": {
        "ansi-escapes": {
          "version": "4.2.0",
          "resolved": "https://registry.npmjs.org/ansi-escapes/-/ansi-escapes-4.2.0.tgz",
          "integrity": "sha512-0+VX4uhi8m3aNbzoqKmkAVOEj6uQzcUHXoFPkKjhZPTpGRUBqVh930KbB6PS4zIyDZccphlLIYlu8nsjFzkXwg==",
          "dev": true,
          "requires": {
            "type-fest": "^0.5.2"
          }
        },
        "ansi-regex": {
          "version": "4.1.0",
          "resolved": "https://registry.npmjs.org/ansi-regex/-/ansi-regex-4.1.0.tgz",
          "integrity": "sha512-1apePfXM1UOSqw0o9IiFAovVz9M5S1Dg+4TrDwfMewQ6p/rmMueb7tWZjQ1rx4Loy1ArBggoqGpfqqdI4rondg==",
          "dev": true
        },
        "lodash": {
          "version": "4.17.14",
          "resolved": "https://registry.npmjs.org/lodash/-/lodash-4.17.14.tgz",
          "integrity": "sha512-mmKYbW3GLuJeX+iGP+Y7Gp1AiGHGbXHCOh/jZmrawMmsE7MS4znI3RL2FsjbqOyMayHInjOeykW7PEajUk1/xw==",
          "dev": true
        },
        "semver": {
          "version": "6.2.0",
          "resolved": "https://registry.npmjs.org/semver/-/semver-6.2.0.tgz",
          "integrity": "sha512-jdFC1VdUGT/2Scgbimf7FSx9iJLXoqfglSF+gJeuNWVpiE37OIbc1jywR/GJyFdz3mnkz2/id0L0J/cr0izR5A==",
          "dev": true
        },
        "strip-ansi": {
          "version": "5.2.0",
          "resolved": "https://registry.npmjs.org/strip-ansi/-/strip-ansi-5.2.0.tgz",
          "integrity": "sha512-DuRs1gKbBqsMKIZlrffwlug8MHkcnpjs5VPmL1PAh+mA30U0DTotfDZ0d2UUsXpPmPmMMJ6W773MaA3J+lbiWA==",
          "dev": true,
          "requires": {
            "ansi-regex": "^4.1.0"
          }
        }
      }
    },
    "snyk-config": {
      "version": "2.2.1",
      "resolved": "https://registry.npmjs.org/snyk-config/-/snyk-config-2.2.1.tgz",
      "integrity": "sha512-eCsFKHHE4J2DpD/1NzAtCmkmVDK310OXRtmoW0RlLnld1ESprJ5A/QRJ5Zxx1JbA8gjuwERY5vfUFA8lEJeopA==",
      "dev": true
    },
    "snyk-docker-plugin": {
      "version": "1.25.1",
      "resolved": "https://registry.npmjs.org/snyk-docker-plugin/-/snyk-docker-plugin-1.25.1.tgz",
      "integrity": "sha512-n/LfA7VXjPEcSz2ZfZonT/DPSC89Zs1/HD0inPFN4RLQT3WiQnjqJUXct+D0nWwEVfhLWNc+Y7PLcTjpnZ9R3Q==",
      "dev": true,
      "dependencies": {
        "debug": {
          "version": "4.1.1",
          "resolved": "https://registry.npmjs.org/debug/-/debug-4.1.1.tgz",
          "integrity": "sha512-pYAIzeRo8J6KPEaJ0VWOh5Pzkbw/RetuzehGM7QRRX5he4fPHx2rdKMB256ehJCkX+XRQm16eZLqLNS8RSZXZw=="
        },
        "semver": {
          "version": "6.2.0",
          "resolved": "https://registry.npmjs.org/semver/-/semver-6.2.0.tgz",
          "integrity": "sha512-jdFC1VdUGT/2Scgbimf7FSx9iJLXoqfglSF+gJeuNWVpiE37OIbc1jywR/GJyFdz3mnkz2/id0L0J/cr0izR5A=="
        }
      }
    },
    "snyk-go-plugin": {
      "version": "1.10.2",
      "resolved": "https://registry.npmjs.org/snyk-go-plugin/-/snyk-go-plugin-1.10.2.tgz",
      "integrity": "sha512-k+f/0XgiAfnqK36L3t3EBYyMy8/vVFAU9ctHO5BztaXZXMfkYZpRsJGbvR3c7cVE4n4ruwYQhlKLM8bCuai8SQ==",
      "dev": true,
      "dependencies": {
        "debug": {
          "version": "4.1.1",
          "resolved": "https://registry.npmjs.org/debug/-/debug-4.1.1.tgz",
          "integrity": "sha512-pYAIzeRo8J6KPEaJ0VWOh5Pzkbw/RetuzehGM7QRRX5he4fPHx2rdKMB256ehJCkX+XRQm16eZLqLNS8RSZXZw=="
        }
      }
    },
    "snyk-gradle-plugin": {
      "version": "2.12.5",
      "resolved": "https://registry.npmjs.org/snyk-gradle-plugin/-/snyk-gradle-plugin-2.12.5.tgz",
      "integrity": "sha512-AmiQQUL0nlY3SjWUSMSmmbp273ETJzsqvk1E8jf+G/Q3mRl9xZ6BkPMebweD/y5d/smoQmr6rKL57OG+OXoi3w==",
      "dev": true,
      "dependencies": {
        "debug": {
          "version": "4.1.1",
          "resolved": "https://registry.npmjs.org/debug/-/debug-4.1.1.tgz",
          "integrity": "sha512-pYAIzeRo8J6KPEaJ0VWOh5Pzkbw/RetuzehGM7QRRX5he4fPHx2rdKMB256ehJCkX+XRQm16eZLqLNS8RSZXZw=="
        }
      }
    },
    "snyk-module": {
      "version": "1.9.1",
      "resolved": "https://registry.npmjs.org/snyk-module/-/snyk-module-1.9.1.tgz",
      "integrity": "sha512-A+CCyBSa4IKok5uEhqT+hV/35RO6APFNLqk9DRRHg7xW2/j//nPX8wTSZUPF8QeRNEk/sX+6df7M1y6PBHGSHA==",
      "dev": true
    },
    "snyk-mvn-plugin": {
      "version": "2.3.1",
      "resolved": "https://registry.npmjs.org/snyk-mvn-plugin/-/snyk-mvn-plugin-2.3.1.tgz",
      "integrity": "sha512-2RgBnYe3Upc7SL+sL7MmnoCoJV/TZZ7q2L0J1BAbjoD/4cca4q0TCR6QVLzytHf4fSqc6QjSMjTUfmAo0kgsBg==",
      "dev": true,
      "dependencies": {
        "lodash": {
          "version": "4.17.14",
          "resolved": "https://registry.npmjs.org/lodash/-/lodash-4.17.14.tgz",
          "integrity": "sha512-mmKYbW3GLuJeX+iGP+Y7Gp1AiGHGbXHCOh/jZmrawMmsE7MS4znI3RL2FsjbqOyMayHInjOeykW7PEajUk1/xw=="
        },
        "tslib": {
          "version": "1.9.3",
          "resolved": "https://registry.npmjs.org/tslib/-/tslib-1.9.3.tgz",
          "integrity": "sha512-4krF8scpejhaOgqzBEcGM7yDIEfi0/8+8zDRZhNZZ2kjmHJ4hv3zCbQWxoJGz1iw5U0Jl0nma13xzHXcncMavQ=="
        }
      }
    },
    "snyk-nodejs-lockfile-parser": {
      "version": "1.13.0",
      "resolved": "https://registry.npmjs.org/snyk-nodejs-lockfile-parser/-/snyk-nodejs-lockfile-parser-1.13.0.tgz",
      "integrity": "sha512-fC1o9SJ+iM+IYeBUYtvCIYh005WAvWMzqhEH3hI4zGPdCYQqGYIfVpXf29aCOKoorkTR345k5g6Etx54+BbrTQ==",
      "dev": true
    },
    "snyk-nuget-plugin": {
      "version": "1.10.0",
      "resolved": "https://registry.npmjs.org/snyk-nuget-plugin/-/snyk-nuget-plugin-1.10.0.tgz",
      "integrity": "sha512-V69AIWcHw4KrgEFC8kNWoqHo54wZkWGfqyVv+kJjQxARWYmQqV4YL/vxfLAoZ7mDsNXgjPn5M4ZEaeHFCeWcyA==",
      "dev": true
    },
    "snyk-php-plugin": {
      "version": "1.6.3",
      "resolved": "https://registry.npmjs.org/snyk-php-plugin/-/snyk-php-plugin-1.6.3.tgz",
      "integrity": "sha512-S9GAVnL2ieaS/wvhq+ywUDrOlt477+em//XkqIqdJEFNUgFyxwrXjQgB0paehP8PBQQ+RySIV/MMgIFb3+6IwA==",
      "dev": true
    },
    "snyk-policy": {
      "version": "1.13.5",
      "resolved": "https://registry.npmjs.org/snyk-policy/-/snyk-policy-1.13.5.tgz",
      "integrity": "sha512-KI6GHt+Oj4fYKiCp7duhseUj5YhyL/zJOrrJg0u6r59Ux9w8gmkUYT92FHW27ihwuT6IPzdGNEuy06Yv2C9WaQ==",
      "dev": true,
      "dependencies": {
        "semver": {
          "version": "6.2.0",
          "resolved": "https://registry.npmjs.org/semver/-/semver-6.2.0.tgz",
          "integrity": "sha512-jdFC1VdUGT/2Scgbimf7FSx9iJLXoqfglSF+gJeuNWVpiE37OIbc1jywR/GJyFdz3mnkz2/id0L0J/cr0izR5A=="
        }
      }
    },
    "snyk-python-plugin": {
      "version": "1.10.2",
      "resolved": "https://registry.npmjs.org/snyk-python-plugin/-/snyk-python-plugin-1.10.2.tgz",
      "integrity": "sha512-dLswHfVI9Ax8+Ia/onhv1p9S5y+Ie/oELOfpfNApbb0BPTJ5k1c2CQ7WcgQ5/nDRMUOgoKn4VTObaAGmD5or9A==",
      "dev": true
    },
    "snyk-resolve": {
      "version": "1.0.1",
      "resolved": "https://registry.npmjs.org/snyk-resolve/-/snyk-resolve-1.0.1.tgz",
      "integrity": "sha512-7+i+LLhtBo1Pkth01xv+RYJU8a67zmJ8WFFPvSxyCjdlKIcsps4hPQFebhz+0gC5rMemlaeIV6cqwqUf9PEDpw==",
      "dev": true
    },
    "snyk-resolve-deps": {
      "version": "4.0.3",
      "resolved": "https://registry.npmjs.org/snyk-resolve-deps/-/snyk-resolve-deps-4.0.3.tgz",
      "integrity": "sha512-GP3VBrkz1iDDw2q8ftTqppHqzIAxmsUIoXR+FRWDKcipkKHXHJyUmtEo11QVT5fNRV0D0RCsssk2S5CTxTCu6A==",
      "dev": true,
      "dependencies": {
        "debug": {
          "version": "3.2.6",
          "resolved": "https://registry.npmjs.org/debug/-/debug-3.2.6.tgz",
          "integrity": "sha512-mel+jf7nrtEl5Pn1Qx46zARXKDpBbvzezse7p7LqINmdoIk8PYP5SySaxEmYv6TZ0JyEKA1hsCId6DIhgITtWQ=="
        }
      }
    },
    "snyk-sbt-plugin": {
      "version": "2.5.6",
      "resolved": "https://registry.npmjs.org/snyk-sbt-plugin/-/snyk-sbt-plugin-2.5.6.tgz",
      "integrity": "sha512-ioZW6WxN0lYnVkUHxSXR+6DBeA1Jlah/r3mMwEhnCwp1um2pE9O9F+piQzbuQi1+q64ZDb7EzBnvmL/aqJdwdA==",
      "dev": true,
      "dependencies": {
        "semver": {
          "version": "6.2.0",
          "resolved": "https://registry.npmjs.org/semver/-/semver-6.2.0.tgz",
          "integrity": "sha512-jdFC1VdUGT/2Scgbimf7FSx9iJLXoqfglSF+gJeuNWVpiE37OIbc1jywR/GJyFdz3mnkz2/id0L0J/cr0izR5A=="
        },
        "tmp": {
          "version": "0.1.0",
          "resolved": "https://registry.npmjs.org/tmp/-/tmp-0.1.0.tgz",
          "integrity": "sha512-J7Z2K08jbGcdA1kkQpJSqLF6T0tdQqpR2pnSUXsIchbPdTI9v3e85cLW0d6WDhwuAleOV71j2xWs8qMPfK7nKw=="
        }
      }
    },
    "snyk-tree": {
      "version": "1.0.0",
      "resolved": "https://registry.npmjs.org/snyk-tree/-/snyk-tree-1.0.0.tgz",
      "integrity": "sha1-D7cxdtvzLngvGRAClBYESPkRHMg=",
      "dev": true
    },
    "snyk-try-require": {
      "version": "1.3.1",
      "resolved": "https://registry.npmjs.org/snyk-try-require/-/snyk-try-require-1.3.1.tgz",
      "integrity": "sha1-bgJvkuZK9/zM6h7lPVJIQeQYohI=",
      "dev": true
    },
    "source-map-support": {
      "version": "0.5.12",
      "resolved": "https://registry.npmjs.org/source-map-support/-/source-map-support-0.5.12.tgz",
      "integrity": "sha512-4h2Pbvyy15EE02G+JOZpUCmqWJuqrs+sEkzewTm++BPi7Hvn/HwcqLAcNxYAyI0x13CpPPn+kMjl+hplXMHITQ==",
      "dev": true,
      "dependencies": {
        "source-map": {
          "version": "0.6.1",
          "resolved": "https://registry.npmjs.org/source-map/-/source-map-0.6.1.tgz",
          "integrity": "sha512-UjgapumWlbMhkBgzT7Ykc5YXUT46F0iKu8SGXq0bcwP5dz/h0Plj6enJqjz1Zbq2l5WaqYnrVbwWOWMyF3F47g=="
        }
      }
    },
    "tempfile": {
      "version": "2.0.0",
      "resolved": "https://registry.npmjs.org/tempfile/-/tempfile-2.0.0.tgz",
      "integrity": "sha1-awRGhWqbERTRhW/8vlCczLCXcmU=",
      "dev": true
    },
    "then-fs": {
      "version": "2.0.0",
      "resolved": "https://registry.npmjs.org/then-fs/-/then-fs-2.0.0.tgz",
      "integrity": "sha1-cveS3Z0xcFqRrhnr/Piz+WjIHaI=",
      "dev": true
    },
    "tweetnacl": {
      "version": "1.0.1",
      "resolved": "https://registry.npmjs.org/tweetnacl/-/tweetnacl-1.0.1.tgz",
      "integrity": "sha512-kcoMoKTPYnoeS50tzoqjPY3Uv9axeuuFAZY9M/9zFnhoVvRfxz9K29IMPD7jGmt2c8SW7i3gT9WqDl2+nV7p4A=="
    },
    "type-fest": {
      "version": "0.5.2",
      "resolved": "https://registry.npmjs.org/type-fest/-/type-fest-0.5.2.tgz",
      "integrity": "sha512-DWkS49EQKVX//Tbupb9TFa19c7+MK1XmzkrZUR8TAktmE/DizXoaoJV6TZ/tSIPXipqNiRI6CyAe7x69Jb6RSw==",
      "dev": true
    },
    "update-notifier": {
      "version": "2.5.0",
      "resolved": "https://registry.npmjs.org/update-notifier/-/update-notifier-2.5.0.tgz",
      "integrity": "sha512-gwMdhgJHGuj/+wHJJs9e6PcCszpxR1b236igrOkUofGhqJuG+amlIKwApH1IW1WWl7ovZxsX49lMBWLxSdm5Dw==",
      "dev": true
    },
    "uuid": {
      "version": "3.3.2",
      "resolved": "https://registry.npmjs.org/uuid/-/uuid-3.3.2.tgz",
      "integrity": "sha512-yXJmeNaw3DnnKAOKJE51sL/ZaYfWJRl1pK9dr19YFCu0ObS231AB1/LbqTKRAQ5kw8A90rA6fr4riOUpTZvQZA==",
      "dev": true
    },
    "ws": {
      "version": "6.2.1",
      "resolved": "https://registry.npmjs.org/ws/-/ws-6.2.1.tgz",
      "integrity": "sha512-GIyAXC2cB7LjvpgMt9EKS2ldqr0MTrORaleiOno6TweZ6r3TKtoFQWay/2PceJ3RuBasOHzXNn5Lrw1X0bEjqA=="
    },
    "ytdl-core": {
      "version": "0.29.3",
      "resolved": "https://registry.npmjs.org/ytdl-core/-/ytdl-core-0.29.3.tgz",
      "integrity": "sha512-IqMjkTvGjB2Shu9W2HhzyquIo8Pv6AGogc7+Vv3bcxDXjYCgYUPt+LX0CqL76GTmjftnMSVpI1dO79Uzj4f5mQ=="
    },
    "ytdl-core-discord": {
      "version": "1.0.3",
      "resolved": "https://registry.npmjs.org/ytdl-core-discord/-/ytdl-core-discord-1.0.3.tgz",
      "integrity": "sha512-/POaSbStmY+PMRnxz4mVN0Rw9Ktt3zs94j2bRX30vmtdMR1yCz9JbEmRY4ouXJK18k/FjdRs5Bnvinud2hbYGQ==",
      "dependencies": {
        "prism-media": {
          "version": "1.0.2",
          "resolved": "https://registry.npmjs.org/prism-media/-/prism-media-1.0.2.tgz",
          "integrity": "sha512-KCu3SlT1EtS0lvF74NGLSTzr5jrkRajE9n+S2jnUvvdiN5SpjsGj0/HgR1QK9+985Yv8cxjwZnpFRaj+SimDGA=="
        }
      }
    }
  }
}
